<Solution>
  <Folder Name="/src/">
    <Project Path="src/MBColumn.Application/MBColumn.Application.csproj" />
    <Project Path="src/MBColumn.Domain/MBColumn.Domain.csproj" />
    <Project Path="src/MBColumn.Infrastructure/MBColumn.Infrastructure.csproj" />
    <Project Path="src/MBColumn.Presentation.Wpf/MBColumn.Presentation.Wpf.csproj" />
  </Folder>
  <Folder Name="/tests/">
    <Project Path="tests/MBColumn.Tests/MBColumn.Tests.csproj" />
  </Folder>
</Solution>

